PODS:
  - AFDateHelper (4.2.4)
  - AFNetworking (3.1.0):
    - AFNetworking/NSURLSession (= 3.1.0)
    - AFNetworking/Reachability (= 3.1.0)
    - AFNetworking/Security (= 3.1.0)
    - AFNetworking/Serialization (= 3.1.0)
    - AFNetworking/UIKit (= 3.1.0)
  - AFNetworking/NSURLSession (3.1.0):
    - AFNetworking/Reachability
    - AFNetworking/Security
    - AFNetworking/Serialization
  - AFNetworking/Reachability (3.1.0)
  - AFNetworking/Security (3.1.0)
  - AFNetworking/Serialization (3.1.0)
  - AFNetworking/UIKit (3.1.0):
    - AFNetworking/NSURLSession
  - IQKeyboardManager (5.0.2)
  - JMHoledView (0.2.0)
  - PBTutorialManager (1.0.4):
    - JMHoledView
  - PureLayout (3.0.2)
  - SwiftLint (0.22.0)

DEPENDENCIES:
  - AFDateHelper
  - AFNetworking
  - IQKeyboardManager
  - PBTutorialManager
  - PureLayout
  - SwiftLint

SPEC CHECKSUMS:
  AFDateHelper: fbbf706fc7ef3b12efb8c25493c8dc5b9d18f86a
  AFNetworking: 5e0e199f73d8626b11e79750991f5d173d1f8b67
  IQKeyboardManager: 5ab84749f20f682f784160c2c63bef4f19d10d26
  JMHoledView: c934232ad56e7db3a5cdc9486a21c5108687bb10
  PBTutorialManager: b6752a593d1892c6f5268d94ecb0a0b744746944
  PureLayout: 4d550abe49a94f24c2808b9b95db9131685fe4cd
  SwiftLint: 1134786caedd2caab0560d2f36b76414a5a56808

PODFILE CHECKSUM: 6f3a02312d5d61b05e1dba06ed787f58a2792afc

COCOAPODS: 1.2.1
